
Microsoft Visual Studio Solution File, Format Version 12.00
# Visual Studio Version 17
VisualStudioVersion = 17.4.33403.182
MinimumVisualStudioVersion = 10.0.40219.1
Project("{FAE04EC0-301F-11D3-BF4B-00C04F79EFBC}") = "GUI_Arduino", "GUI_Arduino\GUI_Arduino.csproj", "{352C3C0C-F56A-46FD-AA15-F0252D4106ED}"
EndProject
Global
	GlobalSection(SolutionConfigurationPlatforms) = preSolution
		Debug|Any CPU = Debug|Any CPU
		Release|Any CPU = Release|Any CPU
	EndGlobalSection
	GlobalSection(ProjectConfigurationPlatforms) = postSolution
		{352C3C0C-F56A-46FD-AA15-F0252D4106ED}.Debug|Any CPU.ActiveCfg = Debug|Any CPU
		{352C3C0C-F56A-46FD-AA15-F0252D4106ED}.Debug|Any CPU.Build.0 = Debug|Any CPU
		{352C3C0C-F56A-46FD-AA15-F0252D4106ED}.Release|Any CPU.ActiveCfg = Release|Any CPU
		{352C3C0C-F56A-46FD-AA15-F0252D4106ED}.Release|Any CPU.Build.0 = Release|Any CPU
	EndGlobalSection
	GlobalSection(SolutionProperties) = preSolution
		HideSolutionNode = FALSE
	EndGlobalSection
	GlobalSection(ExtensibilityGlobals) = postSolution
		SolutionGuid = {BB0B7852-5577-44BA-BB9A-184550C98524}
	EndGlobalSection
EndGlobal
